github.com/fsnotify/fsnotify v1.4.7 h1:IXs+QLmnXW2CcXuY+8Mzv/fWEsPGWxqefPtCP5CnV9I=
github.com/fsnotify/fsnotify v1.4.7/go.mod h1:jwhsz4b93w/PPRr/qN1Yymfu8t87LnFCMoQvtojpjFo=
github.com/spf13/pflag v1.0.6-0.20200504143853-81378bbcd8a1 h1:zrNp7OPtn2fjeNHI9CghvwxqQvvkK0RxUo86hE86vhU=
github.com/spf13/pflag v1.0.6-0.20200504143853-81378bbcd8a1/go.mod h1:McXfInJRrz4CZXVZOBLb0bTZqETkiAhM9Iw0y3An2Bg=
golang.org/x/sys v0.0.0-20200107144601-ef85f5a75ddf h1:9cZxTVBvFZgOnVi/DobY3JsafbPFPnP2rtN81d4wPpw=
golang.org/x/sys v0.0.0-20200107144601-ef85f5a75ddf/go.mod h1:h1NjWce9XRLGQEsW7wpKNCjG9DtNlClVuFLEZdDNbEs=
